
Microsoft Visual Studio Solution File, Format Version 12.00
# Visual Studio Version 17
VisualStudioVersion = 17.9.34607.119
MinimumVisualStudioVersion = 10.0.40219.1
Project("{FAE04EC0-301F-11D3-BF4B-00C04F79EFBC}") = "Actividad 2 Banco", "Actividad 2 Banco\Actividad 2 Banco.csproj", "{9682959C-BB6D-43F0-A385-69315E174D57}"
EndProject
Global
	GlobalSection(SolutionConfigurationPlatforms) = preSolution
		Debug|Any CPU = Debug|Any CPU
		Release|Any CPU = Release|Any CPU
	EndGlobalSection
	GlobalSection(ProjectConfigurationPlatforms) = postSolution
		{9682959C-BB6D-43F0-A385-69315E174D57}.Debug|Any CPU.ActiveCfg = Debug|Any CPU
		{9682959C-BB6D-43F0-A385-69315E174D57}.Debug|Any CPU.Build.0 = Debug|Any CPU
		{9682959C-BB6D-43F0-A385-69315E174D57}.Release|Any CPU.ActiveCfg = Release|Any CPU
		{9682959C-BB6D-43F0-A385-69315E174D57}.Release|Any CPU.Build.0 = Release|Any CPU
	EndGlobalSection
	GlobalSection(SolutionProperties) = preSolution
		HideSolutionNode = FALSE
	EndGlobalSection
	GlobalSection(ExtensibilityGlobals) = postSolution
		SolutionGuid = {62ED84DE-D169-4CE7-90AF-E405EC56F4AC}
	EndGlobalSection
EndGlobal
